
Microsoft Visual Studio Solution File, Format Version 12.00
# Visual Studio 15
VisualStudioVersion = 15.0.27130.2010
MinimumVisualStudioVersion = 10.0.40219.1
Project("{FAE04EC0-301F-11D3-BF4B-00C04F79EFBC}") = "Dungeoneering Toolkit", "Dungeoneering Toolkit\Dungeoneering Toolkit.csproj", "{AD89204A-356C-4870-9A6C-78A3A4F0648B}"
EndProject
Project("{FAE04EC0-301F-11D3-BF4B-00C04F79EFBC}") = "DungeoneeringToolkit.Theme", "DungeoneeringToolkit.Theme\DungeoneeringToolkit.Theme.csproj", "{9DB6A674-6F43-4DDE-A1F2-21C783D4EE7E}"
EndProject
Global
	GlobalSection(SolutionConfigurationPlatforms) = preSolution
		Debug|Any CPU = Debug|Any CPU
		Release|Any CPU = Release|Any CPU
	EndGlobalSection
	GlobalSection(ProjectConfigurationPlatforms) = postSolution
		{AD89204A-356C-4870-9A6C-78A3A4F0648B}.Debug|Any CPU.ActiveCfg = Debug|Any CPU
		{AD89204A-356C-4870-9A6C-78A3A4F0648B}.Debug|Any CPU.Build.0 = Debug|Any CPU
		{AD89204A-356C-4870-9A6C-78A3A4F0648B}.Release|Any CPU.ActiveCfg = Release|Any CPU
		{AD89204A-356C-4870-9A6C-78A3A4F0648B}.Release|Any CPU.Build.0 = Release|Any CPU
		{9DB6A674-6F43-4DDE-A1F2-21C783D4EE7E}.Debug|Any CPU.ActiveCfg = Debug|Any CPU
		{9DB6A674-6F43-4DDE-A1F2-21C783D4EE7E}.Debug|Any CPU.Build.0 = Debug|Any CPU
		{9DB6A674-6F43-4DDE-A1F2-21C783D4EE7E}.Release|Any CPU.ActiveCfg = Release|Any CPU
		{9DB6A674-6F43-4DDE-A1F2-21C783D4EE7E}.Release|Any CPU.Build.0 = Release|Any CPU
	EndGlobalSection
	GlobalSection(SolutionProperties) = preSolution
		HideSolutionNode = FALSE
	EndGlobalSection
	GlobalSection(ExtensibilityGlobals) = postSolution
		SolutionGuid = {B6F9AE6B-7687-46E3-83AD-5541BD64E3D2}
	EndGlobalSection
EndGlobal
